
Microsoft Visual Studio Solution File, Format Version 12.00
# Visual Studio Version 17
VisualStudioVersion = 17.0.31912.275
MinimumVisualStudioVersion = 10.0.40219.1
Project("{FAE04EC0-301F-11D3-BF4B-00C04F79EFBC}") = "LabLinq_for31core", "LabLinq_for31core\LabLinq_for31core.csproj", "{2D03A07D-38F7-4B71-A14C-C054973B1782}"
EndProject
Global
	GlobalSection(SolutionConfigurationPlatforms) = preSolution
		Debug|Any CPU = Debug|Any CPU
		Release|Any CPU = Release|Any CPU
	EndGlobalSection
	GlobalSection(ProjectConfigurationPlatforms) = postSolution
		{2D03A07D-38F7-4B71-A14C-C054973B1782}.Debug|Any CPU.ActiveCfg = Debug|Any CPU
		{2D03A07D-38F7-4B71-A14C-C054973B1782}.Debug|Any CPU.Build.0 = Debug|Any CPU
		{2D03A07D-38F7-4B71-A14C-C054973B1782}.Release|Any CPU.ActiveCfg = Release|Any CPU
		{2D03A07D-38F7-4B71-A14C-C054973B1782}.Release|Any CPU.Build.0 = Release|Any CPU
	EndGlobalSection
	GlobalSection(SolutionProperties) = preSolution
		HideSolutionNode = FALSE
	EndGlobalSection
	GlobalSection(ExtensibilityGlobals) = postSolution
		SolutionGuid = {B585A6C2-66C4-4FB2-9060-6F9FB08B5BD2}
	EndGlobalSection
EndGlobal
